
Microsoft Visual Studio Solution File, Format Version 12.00
# Visual Studio Version 17
VisualStudioVersion = 17.14.36121.58 d17.14
MinimumVisualStudioVersion = 10.0.40219.1
Project("{FAE04EC0-301F-11D3-BF4B-00C04F79EFBC}") = "BmpLsbStego", "BmpLsbStego\BmpLsbStego.csproj", "{FF23076F-A1E5-4EF4-BCD7-28B1DDAAA808}"
EndProject
Global
	GlobalSection(SolutionConfigurationPlatforms) = preSolution
		Debug|Any CPU = Debug|Any CPU
		Release|Any CPU = Release|Any CPU
	EndGlobalSection
	GlobalSection(ProjectConfigurationPlatforms) = postSolution
		{FF23076F-A1E5-4EF4-BCD7-28B1DDAAA808}.Debug|Any CPU.ActiveCfg = Debug|Any CPU
		{FF23076F-A1E5-4EF4-BCD7-28B1DDAAA808}.Debug|Any CPU.Build.0 = Debug|Any CPU
		{FF23076F-A1E5-4EF4-BCD7-28B1DDAAA808}.Release|Any CPU.ActiveCfg = Release|Any CPU
		{FF23076F-A1E5-4EF4-BCD7-28B1DDAAA808}.Release|Any CPU.Build.0 = Release|Any CPU
	EndGlobalSection
	GlobalSection(SolutionProperties) = preSolution
		HideSolutionNode = FALSE
	EndGlobalSection
	GlobalSection(ExtensibilityGlobals) = postSolution
		SolutionGuid = {5463CEDC-6A7E-4CAA-8DDE-83E6C9DF39E8}
	EndGlobalSection
EndGlobal
